
Microsoft Visual Studio Solution File, Format Version 12.00
# Visual Studio Version 17
VisualStudioVersion = 17.13.35919.96
MinimumVisualStudioVersion = 10.0.40219.1
Project("{2150E333-8FDC-42A3-9474-1A3956D46DE8}") = "src", "src", "{02EA681E-C7D8-13C7-8484-4AC65E1B71E8}"
EndProject
Project("{2150E333-8FDC-42A3-9474-1A3956D46DE8}") = "1 - API", "1 - API", "{0684E496-D642-4B74-93B5-B33CEADDB9CB}"
EndProject
Project("{2150E333-8FDC-42A3-9474-1A3956D46DE8}") = "2 - ACL", "2 - ACL", "{04F3582E-CEAE-43CC-9115-D66481268031}"
EndProject
Project("{2150E333-8FDC-42A3-9474-1A3956D46DE8}") = "3 - Application", "3 - Application", "{4A154062-750F-4507-AF78-5276B9E17AB2}"
EndProject
Project("{2150E333-8FDC-42A3-9474-1A3956D46DE8}") = "4 - Domain", "4 - Domain", "{CE63E121-F91B-4233-A1BA-4DB1BC527380}"
EndProject
Project("{2150E333-8FDC-42A3-9474-1A3956D46DE8}") = "5 - Infrastructure", "5 - Infrastructure", "{59B6B882-F32B-4862-9484-F7CB1AD90450}"
EndProject
Project("{2150E333-8FDC-42A3-9474-1A3956D46DE8}") = "tests", "tests", "{1D03799E-087B-490C-BB8F-41D2D3CA5C81}"
EndProject
Project("{FAE04EC0-301F-11D3-BF4B-00C04F79EFBC}") = "FIAP.PosTech.Hackathon.API", "src\FIAP.PosTech.Hackathon.API\FIAP.PosTech.Hackathon.API.csproj", "{377B3C63-DD6A-4E43-9141-18BFEB7F0549}"
EndProject
Project("{FAE04EC0-301F-11D3-BF4B-00C04F79EFBC}") = "FIAP.PosTech.Hackathon.Application", "src\FIAP.PosTech.Hackathon.Application\FIAP.PosTech.Hackathon.Application.csproj", "{D0328F3F-3DC2-4232-806C-24F0B0D2D785}"
EndProject
Project("{FAE04EC0-301F-11D3-BF4B-00C04F79EFBC}") = "FIAP.PosTech.Hackathon.Infrastructure", "src\FIAP.PosTech.Hackathon.Infrastructure\FIAP.PosTech.Hackathon.Infrastructure.csproj", "{E6D906ED-8682-48C2-A54A-68868D448066}"
EndProject
Project("{FAE04EC0-301F-11D3-BF4B-00C04F79EFBC}") = "FIAP.PosTech.Hackathon.Infrastructure.Data", "src\FIAP.PosTech.Hackathon.Infrastructure.Data\FIAP.PosTech.Hackathon.Infrastructure.Data.csproj", "{9377FB59-8B1A-4440-94BA-23C5E62EA452}"
EndProject
Project("{FAE04EC0-301F-11D3-BF4B-00C04F79EFBC}") = "FIAP.PosTech.Hackathon.Domain", "src\FIAP.PosTech.Hackathon.Domain\FIAP.PosTech.Hackathon.Domain.csproj", "{2703439D-3EE5-4C14-B5E7-664B50432523}"
EndProject
Project("{FAE04EC0-301F-11D3-BF4B-00C04F79EFBC}") = "APITests", "tests\APITests\APITests.csproj", "{FB9A2EEC-83AD-43C4-B718-E2722FC0D8AF}"
EndProject
Project("{FAE04EC0-301F-11D3-BF4B-00C04F79EFBC}") = "ApplicationTests", "tests\ApplicationTests\ApplicationTests.csproj", "{6C66AA4B-D8E4-65E3-EDF1-F2542B418DB0}"
EndProject
Global
	GlobalSection(SolutionConfigurationPlatforms) = preSolution
		Debug|Any CPU = Debug|Any CPU
		Release|Any CPU = Release|Any CPU
	EndGlobalSection
	GlobalSection(ProjectConfigurationPlatforms) = postSolution
		{377B3C63-DD6A-4E43-9141-18BFEB7F0549}.Debug|Any CPU.ActiveCfg = Debug|Any CPU
		{377B3C63-DD6A-4E43-9141-18BFEB7F0549}.Debug|Any CPU.Build.0 = Debug|Any CPU
		{377B3C63-DD6A-4E43-9141-18BFEB7F0549}.Release|Any CPU.ActiveCfg = Release|Any CPU
		{377B3C63-DD6A-4E43-9141-18BFEB7F0549}.Release|Any CPU.Build.0 = Release|Any CPU
		{D0328F3F-3DC2-4232-806C-24F0B0D2D785}.Debug|Any CPU.ActiveCfg = Debug|Any CPU
		{D0328F3F-3DC2-4232-806C-24F0B0D2D785}.Debug|Any CPU.Build.0 = Debug|Any CPU
		{D0328F3F-3DC2-4232-806C-24F0B0D2D785}.Release|Any CPU.ActiveCfg = Release|Any CPU
		{D0328F3F-3DC2-4232-806C-24F0B0D2D785}.Release|Any CPU.Build.0 = Release|Any CPU
		{E6D906ED-8682-48C2-A54A-68868D448066}.Debug|Any CPU.ActiveCfg = Debug|Any CPU
		{E6D906ED-8682-48C2-A54A-68868D448066}.Debug|Any CPU.Build.0 = Debug|Any CPU
		{E6D906ED-8682-48C2-A54A-68868D448066}.Release|Any CPU.ActiveCfg = Release|Any CPU
		{E6D906ED-8682-48C2-A54A-68868D448066}.Release|Any CPU.Build.0 = Release|Any CPU
		{9377FB59-8B1A-4440-94BA-23C5E62EA452}.Debug|Any CPU.ActiveCfg = Debug|Any CPU
		{9377FB59-8B1A-4440-94BA-23C5E62EA452}.Debug|Any CPU.Build.0 = Debug|Any CPU
		{9377FB59-8B1A-4440-94BA-23C5E62EA452}.Release|Any CPU.ActiveCfg = Release|Any CPU
		{9377FB59-8B1A-4440-94BA-23C5E62EA452}.Release|Any CPU.Build.0 = Release|Any CPU
		{2703439D-3EE5-4C14-B5E7-664B50432523}.Debug|Any CPU.ActiveCfg = Debug|Any CPU
		{2703439D-3EE5-4C14-B5E7-664B50432523}.Debug|Any CPU.Build.0 = Debug|Any CPU
		{2703439D-3EE5-4C14-B5E7-664B50432523}.Release|Any CPU.ActiveCfg = Release|Any CPU
		{2703439D-3EE5-4C14-B5E7-664B50432523}.Release|Any CPU.Build.0 = Release|Any CPU
		{FB9A2EEC-83AD-43C4-B718-E2722FC0D8AF}.Debug|Any CPU.ActiveCfg = Debug|Any CPU
		{FB9A2EEC-83AD-43C4-B718-E2722FC0D8AF}.Debug|Any CPU.Build.0 = Debug|Any CPU
		{FB9A2EEC-83AD-43C4-B718-E2722FC0D8AF}.Release|Any CPU.ActiveCfg = Release|Any CPU
		{FB9A2EEC-83AD-43C4-B718-E2722FC0D8AF}.Release|Any CPU.Build.0 = Release|Any CPU
		{6C66AA4B-D8E4-65E3-EDF1-F2542B418DB0}.Debug|Any CPU.ActiveCfg = Debug|Any CPU
		{6C66AA4B-D8E4-65E3-EDF1-F2542B418DB0}.Debug|Any CPU.Build.0 = Debug|Any CPU
		{6C66AA4B-D8E4-65E3-EDF1-F2542B418DB0}.Release|Any CPU.ActiveCfg = Release|Any CPU
		{6C66AA4B-D8E4-65E3-EDF1-F2542B418DB0}.Release|Any CPU.Build.0 = Release|Any CPU
	EndGlobalSection
	GlobalSection(SolutionProperties) = preSolution
		HideSolutionNode = FALSE
	EndGlobalSection
	GlobalSection(NestedProjects) = preSolution
		{0684E496-D642-4B74-93B5-B33CEADDB9CB} = {02EA681E-C7D8-13C7-8484-4AC65E1B71E8}
		{04F3582E-CEAE-43CC-9115-D66481268031} = {02EA681E-C7D8-13C7-8484-4AC65E1B71E8}
		{4A154062-750F-4507-AF78-5276B9E17AB2} = {02EA681E-C7D8-13C7-8484-4AC65E1B71E8}
		{CE63E121-F91B-4233-A1BA-4DB1BC527380} = {02EA681E-C7D8-13C7-8484-4AC65E1B71E8}
		{59B6B882-F32B-4862-9484-F7CB1AD90450} = {02EA681E-C7D8-13C7-8484-4AC65E1B71E8}
		{377B3C63-DD6A-4E43-9141-18BFEB7F0549} = {0684E496-D642-4B74-93B5-B33CEADDB9CB}
		{D0328F3F-3DC2-4232-806C-24F0B0D2D785} = {4A154062-750F-4507-AF78-5276B9E17AB2}
		{E6D906ED-8682-48C2-A54A-68868D448066} = {59B6B882-F32B-4862-9484-F7CB1AD90450}
		{9377FB59-8B1A-4440-94BA-23C5E62EA452} = {59B6B882-F32B-4862-9484-F7CB1AD90450}
		{2703439D-3EE5-4C14-B5E7-664B50432523} = {CE63E121-F91B-4233-A1BA-4DB1BC527380}
		{FB9A2EEC-83AD-43C4-B718-E2722FC0D8AF} = {1D03799E-087B-490C-BB8F-41D2D3CA5C81}
		{6C66AA4B-D8E4-65E3-EDF1-F2542B418DB0} = {1D03799E-087B-490C-BB8F-41D2D3CA5C81}
	EndGlobalSection
	GlobalSection(ExtensibilityGlobals) = postSolution
		SolutionGuid = {6B37283D-C0DB-4959-B2CB-2F6A81223D7D}
	EndGlobalSection
EndGlobal
